
Microsoft Visual Studio Solution File, Format Version 12.00
# Visual Studio Version 17
VisualStudioVersion = 17.0.32014.148
MinimumVisualStudioVersion = 10.0.40219.1
Project("{FAE04EC0-301F-11D3-BF4B-00C04F79EFBC}") = "File handling", "File handling\File handling.csproj", "{79BEB14E-C354-457B-8960-6DDA0110890D}"
EndProject
Global
	GlobalSection(SolutionConfigurationPlatforms) = preSolution
		Debug|Any CPU = Debug|Any CPU
		Release|Any CPU = Release|Any CPU
	EndGlobalSection
	GlobalSection(ProjectConfigurationPlatforms) = postSolution
		{79BEB14E-C354-457B-8960-6DDA0110890D}.Debug|Any CPU.ActiveCfg = Debug|Any CPU
		{79BEB14E-C354-457B-8960-6DDA0110890D}.Debug|Any CPU.Build.0 = Debug|Any CPU
		{79BEB14E-C354-457B-8960-6DDA0110890D}.Release|Any CPU.ActiveCfg = Release|Any CPU
		{79BEB14E-C354-457B-8960-6DDA0110890D}.Release|Any CPU.Build.0 = Release|Any CPU
	EndGlobalSection
	GlobalSection(SolutionProperties) = preSolution
		HideSolutionNode = FALSE
	EndGlobalSection
	GlobalSection(ExtensibilityGlobals) = postSolution
		SolutionGuid = {BC7DC2AF-64C7-4CF0-934C-C6D67F53FE7D}
	EndGlobalSection
EndGlobal
